
Microsoft Visual Studio Solution File, Format Version 12.00
# Visual Studio 15
VisualStudioVersion = 15.0.26228.12
MinimumVisualStudioVersion = 10.0.40219.1
Project("{FAE04EC0-301F-11D3-BF4B-00C04F79EFBC}") = "嘉喆饰品有限公司", "嘉喆饰品有限公司\嘉喆饰品有限公司.csproj", "{BBCC5E30-B39E-461D-8998-514CB5DB474F}"
EndProject
Project("{00D1A9C2-B5F0-4AF3-8072-F6C62B433612}") = "嘉喆数据库", "嘉喆饰品有限公司\数据库\嘉喆数据库\嘉喆数据库.sqlproj", "{CEF2BD17-EF4C-42D1-8687-92F9C24EBC8B}"
EndProject
Global
	GlobalSection(SolutionConfigurationPlatforms) = preSolution
		Debug|Any CPU = Debug|Any CPU
		Release|Any CPU = Release|Any CPU
	EndGlobalSection
	GlobalSection(ProjectConfigurationPlatforms) = postSolution
		{BBCC5E30-B39E-461D-8998-514CB5DB474F}.Debug|Any CPU.ActiveCfg = Debug|Any CPU
		{BBCC5E30-B39E-461D-8998-514CB5DB474F}.Debug|Any CPU.Build.0 = Debug|Any CPU
		{BBCC5E30-B39E-461D-8998-514CB5DB474F}.Release|Any CPU.ActiveCfg = Release|Any CPU
		{BBCC5E30-B39E-461D-8998-514CB5DB474F}.Release|Any CPU.Build.0 = Release|Any CPU
		{CEF2BD17-EF4C-42D1-8687-92F9C24EBC8B}.Debug|Any CPU.ActiveCfg = Debug|Any CPU
		{CEF2BD17-EF4C-42D1-8687-92F9C24EBC8B}.Debug|Any CPU.Build.0 = Debug|Any CPU
		{CEF2BD17-EF4C-42D1-8687-92F9C24EBC8B}.Debug|Any CPU.Deploy.0 = Debug|Any CPU
		{CEF2BD17-EF4C-42D1-8687-92F9C24EBC8B}.Release|Any CPU.ActiveCfg = Release|Any CPU
		{CEF2BD17-EF4C-42D1-8687-92F9C24EBC8B}.Release|Any CPU.Build.0 = Release|Any CPU
		{CEF2BD17-EF4C-42D1-8687-92F9C24EBC8B}.Release|Any CPU.Deploy.0 = Release|Any CPU
	EndGlobalSection
	GlobalSection(SolutionProperties) = preSolution
		HideSolutionNode = FALSE
	EndGlobalSection
EndGlobal
