
Microsoft Visual Studio Solution File, Format Version 12.00
# Visual Studio 15
VisualStudioVersion = 15.0.26403.0
MinimumVisualStudioVersion = 10.0.40219.1
Project("{00D1A9C2-B5F0-4AF3-8072-F6C62B433612}") = "义乌市嘉喆饰品有限公司数据库", "义乌市嘉喆饰品有限公司数据库\义乌市嘉喆饰品有限公司数据库.sqlproj", "{BC21E4AA-4C0C-46E7-97C3-87156A87B572}"
EndProject
Project("{FAE04EC0-301F-11D3-BF4B-00C04F79EFBC}") = "嘉喆饰品有限公司", "..\..\嘉喆饰品有限公司\嘉喆饰品有限公司.csproj", "{BA8AD868-C347-4523-A972-4292286E7A38}"
EndProject
Global
	GlobalSection(SolutionConfigurationPlatforms) = preSolution
		Debug|Any CPU = Debug|Any CPU
		Release|Any CPU = Release|Any CPU
	EndGlobalSection
	GlobalSection(ProjectConfigurationPlatforms) = postSolution
		{BC21E4AA-4C0C-46E7-97C3-87156A87B572}.Debug|Any CPU.ActiveCfg = Debug|Any CPU
		{BC21E4AA-4C0C-46E7-97C3-87156A87B572}.Debug|Any CPU.Build.0 = Debug|Any CPU
		{BC21E4AA-4C0C-46E7-97C3-87156A87B572}.Debug|Any CPU.Deploy.0 = Debug|Any CPU
		{BC21E4AA-4C0C-46E7-97C3-87156A87B572}.Release|Any CPU.ActiveCfg = Release|Any CPU
		{BC21E4AA-4C0C-46E7-97C3-87156A87B572}.Release|Any CPU.Build.0 = Release|Any CPU
		{BC21E4AA-4C0C-46E7-97C3-87156A87B572}.Release|Any CPU.Deploy.0 = Release|Any CPU
		{BA8AD868-C347-4523-A972-4292286E7A38}.Debug|Any CPU.ActiveCfg = Debug|Any CPU
		{BA8AD868-C347-4523-A972-4292286E7A38}.Debug|Any CPU.Build.0 = Debug|Any CPU
		{BA8AD868-C347-4523-A972-4292286E7A38}.Release|Any CPU.ActiveCfg = Release|Any CPU
		{BA8AD868-C347-4523-A972-4292286E7A38}.Release|Any CPU.Build.0 = Release|Any CPU
	EndGlobalSection
	GlobalSection(SolutionProperties) = preSolution
		HideSolutionNode = FALSE
	EndGlobalSection
EndGlobal
